
Microsoft Visual Studio Solution File, Format Version 12.00
# Visual Studio 15
VisualStudioVersion = 15.0.28307.489
MinimumVisualStudioVersion = 10.0.40219.1
Project("{9A19103F-16F7-4668-BE54-9A1E7A4F7556}") = "Supermercado5719-Biblioteca", "Supermercado5719-Biblioteca\Supermercado5719-Biblioteca.csproj", "{FE487229-C61D-488E-B0AB-9090745391AE}"
EndProject
Project("{FAE04EC0-301F-11D3-BF4B-00C04F79EFBC}") = "Supermercado5719-Web", "Supermercado5719-Web\Supermercado5719-Web.csproj", "{FF75142E-494C-4353-A482-27917DDE915D}"
EndProject
Global
	GlobalSection(SolutionConfigurationPlatforms) = preSolution
		Debug|Any CPU = Debug|Any CPU
		Release|Any CPU = Release|Any CPU
	EndGlobalSection
	GlobalSection(ProjectConfigurationPlatforms) = postSolution
		{FE487229-C61D-488E-B0AB-9090745391AE}.Debug|Any CPU.ActiveCfg = Debug|Any CPU
		{FE487229-C61D-488E-B0AB-9090745391AE}.Debug|Any CPU.Build.0 = Debug|Any CPU
		{FE487229-C61D-488E-B0AB-9090745391AE}.Release|Any CPU.ActiveCfg = Release|Any CPU
		{FE487229-C61D-488E-B0AB-9090745391AE}.Release|Any CPU.Build.0 = Release|Any CPU
		{FF75142E-494C-4353-A482-27917DDE915D}.Debug|Any CPU.ActiveCfg = Debug|Any CPU
		{FF75142E-494C-4353-A482-27917DDE915D}.Debug|Any CPU.Build.0 = Debug|Any CPU
		{FF75142E-494C-4353-A482-27917DDE915D}.Release|Any CPU.ActiveCfg = Release|Any CPU
		{FF75142E-494C-4353-A482-27917DDE915D}.Release|Any CPU.Build.0 = Release|Any CPU
	EndGlobalSection
	GlobalSection(SolutionProperties) = preSolution
		HideSolutionNode = FALSE
	EndGlobalSection
	GlobalSection(ExtensibilityGlobals) = postSolution
		SolutionGuid = {61DDD53E-FF66-43E6-9028-C02244FB3633}
	EndGlobalSection
EndGlobal
